
Microsoft Visual Studio Solution File, Format Version 12.00
# Visual Studio 15
VisualStudioVersion = 15.0.28307.1169
MinimumVisualStudioVersion = 10.0.40219.1
Project("{FAE04EC0-301F-11D3-BF4B-00C04F79EFBC}") = "ProjetoOdontoClin", "ProjetoOdontoClin\ProjetoOdontoClin.csproj", "{72D15898-DBF0-4519-B310-266155C6FD8A}"
EndProject
Global
	GlobalSection(SolutionConfigurationPlatforms) = preSolution
		Debug|Any CPU = Debug|Any CPU
		Release|Any CPU = Release|Any CPU
	EndGlobalSection
	GlobalSection(ProjectConfigurationPlatforms) = postSolution
		{72D15898-DBF0-4519-B310-266155C6FD8A}.Debug|Any CPU.ActiveCfg = Debug|Any CPU
		{72D15898-DBF0-4519-B310-266155C6FD8A}.Debug|Any CPU.Build.0 = Debug|Any CPU
		{72D15898-DBF0-4519-B310-266155C6FD8A}.Release|Any CPU.ActiveCfg = Release|Any CPU
		{72D15898-DBF0-4519-B310-266155C6FD8A}.Release|Any CPU.Build.0 = Release|Any CPU
	EndGlobalSection
	GlobalSection(SolutionProperties) = preSolution
		HideSolutionNode = FALSE
	EndGlobalSection
	GlobalSection(ExtensibilityGlobals) = postSolution
		SolutionGuid = {5D9F5D72-CDF9-48D7-87C3-BA4079750F2D}
	EndGlobalSection
EndGlobal
